
Microsoft Visual Studio Solution File, Format Version 12.00
# Visual Studio 14
VisualStudioVersion = 14.0.25420.1
MinimumVisualStudioVersion = 10.0.40219.1
Project("{F2A71F9B-5D33-465A-A702-920D77279786}") = "Kl", "Kl\Kl.fsproj", "{24903340-789D-4419-AC4B-C2C1F8000C54}"
EndProject
Project("{F2A71F9B-5D33-465A-A702-920D77279786}") = "Shen", "Shen\Shen.fsproj", "{06344109-7314-4086-AD31-BFF125F211F5}"
EndProject
Project("{F2A71F9B-5D33-465A-A702-920D77279786}") = "Kl.Tests", "Kl.Tests\Kl.Tests.fsproj", "{8F843609-9DAD-4BC4-9A6D-C2465E7DE235}"
EndProject
Project("{2150E333-8FDC-42A3-9474-1A3956D46DE8}") = "Solution Items", "Solution Items", "{4ED4DA60-F152-401A-ACFD-AC60CA8BC08C}"
	ProjectSection(SolutionItems) = preProject
		.gitattributes = .gitattributes
		.gitignore = .gitignore
		.travis.yml = .travis.yml
		appveyor.yml = appveyor.yml
		README.md = README.md
	EndProjectSection
EndProject
Project("{F2A71F9B-5D33-465A-A702-920D77279786}") = "Shen.Tests", "Shen.Tests\Shen.Tests.fsproj", "{65484F8F-D542-4F87-99A9-23A6C50C35BF}"
EndProject
Project("{2150E333-8FDC-42A3-9474-1A3956D46DE8}") = "Kl.Source", "Kl.Source", "{D7456AFE-A50A-41AB-957D-1F5E09E1C828}"
	ProjectSection(SolutionItems) = preProject
		Kl.Source\core.kl = Kl.Source\core.kl
		Kl.Source\declarations.kl = Kl.Source\declarations.kl
		Kl.Source\load.kl = Kl.Source\load.kl
		Kl.Source\macros.kl = Kl.Source\macros.kl
		Kl.Source\prolog.kl = Kl.Source\prolog.kl
		Kl.Source\reader.kl = Kl.Source\reader.kl
		Kl.Source\sequent.kl = Kl.Source\sequent.kl
		Kl.Source\sys.kl = Kl.Source\sys.kl
		Kl.Source\t-star.kl = Kl.Source\t-star.kl
		Kl.Source\toplevel.kl = Kl.Source\toplevel.kl
		Kl.Source\track.kl = Kl.Source\track.kl
		Kl.Source\types.kl = Kl.Source\types.kl
		Kl.Source\writer.kl = Kl.Source\writer.kl
		Kl.Source\yacc.kl = Kl.Source\yacc.kl
	EndProjectSection
EndProject
Project("{2150E333-8FDC-42A3-9474-1A3956D46DE8}") = "Shen.Tests.Source", "Shen.Tests.Source", "{DE2EF6E8-7619-4B10-9FA8-CB1C2A19AE3F}"
	ProjectSection(SolutionItems) = preProject
		Shen.Tests.Source\binary.shen = Shen.Tests.Source\binary.shen
		Shen.Tests.Source\bubble version 1.shen = Shen.Tests.Source\bubble version 1.shen
		Shen.Tests.Source\bubble version 2.shen = Shen.Tests.Source\bubble version 2.shen
		Shen.Tests.Source\calculator.shen = Shen.Tests.Source\calculator.shen
		Shen.Tests.Source\cartprod.shen = Shen.Tests.Source\cartprod.shen
		Shen.Tests.Source\change.shen = Shen.Tests.Source\change.shen
		Shen.Tests.Source\classes-defaults.shen = Shen.Tests.Source\classes-defaults.shen
		Shen.Tests.Source\classes-inheritance.shen = Shen.Tests.Source\classes-inheritance.shen
		Shen.Tests.Source\classes-typed.shen = Shen.Tests.Source\classes-typed.shen
		Shen.Tests.Source\classes-untyped.shen = Shen.Tests.Source\classes-untyped.shen
		Shen.Tests.Source\depth'.shen = Shen.Tests.Source\depth'.shen
		Shen.Tests.Source\einstein.shen = Shen.Tests.Source\einstein.shen
		Shen.Tests.Source\fruit machine.shen = Shen.Tests.Source\fruit machine.shen
		Shen.Tests.Source\interpreter.shen = Shen.Tests.Source\interpreter.shen
		Shen.Tests.Source\metaprog.shen = Shen.Tests.Source\metaprog.shen
		Shen.Tests.Source\minim.shen = Shen.Tests.Source\minim.shen
		Shen.Tests.Source\mutual.shen = Shen.Tests.Source\mutual.shen
		Shen.Tests.Source\n queens.shen = Shen.Tests.Source\n queens.shen
		Shen.Tests.Source\newton version 1.shen = Shen.Tests.Source\newton version 1.shen
		Shen.Tests.Source\newton version 2.shen = Shen.Tests.Source\newton version 2.shen
		Shen.Tests.Source\parse.prl = Shen.Tests.Source\parse.prl
		Shen.Tests.Source\parser.shen = Shen.Tests.Source\parser.shen
		Shen.Tests.Source\powerset.shen = Shen.Tests.Source\powerset.shen
		Shen.Tests.Source\prime.shen = Shen.Tests.Source\prime.shen
		Shen.Tests.Source\prolog.shen = Shen.Tests.Source\prolog.shen
		Shen.Tests.Source\proof assistant.shen = Shen.Tests.Source\proof assistant.shen
		Shen.Tests.Source\proplog version 1.shen = Shen.Tests.Source\proplog version 1.shen
		Shen.Tests.Source\proplog version 2.shen = Shen.Tests.Source\proplog version 2.shen
		Shen.Tests.Source\qmachine.shen = Shen.Tests.Source\qmachine.shen
		Shen.Tests.Source\README.shen = Shen.Tests.Source\README.shen
		Shen.Tests.Source\red-black.shen = Shen.Tests.Source\red-black.shen
		Shen.Tests.Source\search.shen = Shen.Tests.Source\search.shen
		Shen.Tests.Source\semantic net.shen = Shen.Tests.Source\semantic net.shen
		Shen.Tests.Source\spreadsheet.shen = Shen.Tests.Source\spreadsheet.shen
		Shen.Tests.Source\stack.shen = Shen.Tests.Source\stack.shen
		Shen.Tests.Source\streams.shen = Shen.Tests.Source\streams.shen
		Shen.Tests.Source\strings.shen = Shen.Tests.Source\strings.shen
		Shen.Tests.Source\structures-typed.shen = Shen.Tests.Source\structures-typed.shen
		Shen.Tests.Source\structures-untyped.shen = Shen.Tests.Source\structures-untyped.shen
		Shen.Tests.Source\tests.shen = Shen.Tests.Source\tests.shen
		Shen.Tests.Source\TinyLispFunctions.txt = Shen.Tests.Source\TinyLispFunctions.txt
		Shen.Tests.Source\TinyTypes.shen = Shen.Tests.Source\TinyTypes.shen
		Shen.Tests.Source\types.shen = Shen.Tests.Source\types.shen
		Shen.Tests.Source\whist.shen = Shen.Tests.Source\whist.shen
		Shen.Tests.Source\yacc.shen = Shen.Tests.Source\yacc.shen
	EndProjectSection
EndProject
Project("{2150E333-8FDC-42A3-9474-1A3956D46DE8}") = "Chap13", "Chap13", "{AF801D02-E322-400F-B5B2-30F729839672}"
	ProjectSection(SolutionItems) = preProject
		Shen.Tests.Source\Chap13\problems.txt = Shen.Tests.Source\Chap13\problems.txt
	EndProjectSection
EndProject
Project("{2150E333-8FDC-42A3-9474-1A3956D46DE8}") = "Shen.Source", "Shen.Source", "{95D60277-F1CE-43BB-B62C-FCB8BBE3F8E9}"
	ProjectSection(SolutionItems) = preProject
		Shen.Source\backend.shen = Shen.Source\backend.shen
		Shen.Source\core.shen = Shen.Source\core.shen
		Shen.Source\declarations.shen = Shen.Source\declarations.shen
		Shen.Source\load.shen = Shen.Source\load.shen
		Shen.Source\macros.shen = Shen.Source\macros.shen
		Shen.Source\make.shen = Shen.Source\make.shen
		Shen.Source\prolog.shen = Shen.Source\prolog.shen
		Shen.Source\reader.shen = Shen.Source\reader.shen
		Shen.Source\sequent.shen = Shen.Source\sequent.shen
		Shen.Source\sys.shen = Shen.Source\sys.shen
		Shen.Source\t-star.shen = Shen.Source\t-star.shen
		Shen.Source\toplevel.shen = Shen.Source\toplevel.shen
		Shen.Source\track.shen = Shen.Source\track.shen
		Shen.Source\types.shen = Shen.Source\types.shen
		Shen.Source\writer.shen = Shen.Source\writer.shen
		Shen.Source\yacc.shen = Shen.Source\yacc.shen
	EndProjectSection
EndProject
Project("{F2A71F9B-5D33-465A-A702-920D77279786}") = "Kl.Load", "Kl.Load\Kl.Load.fsproj", "{5EA0DBC2-329B-4075-BEE2-EF83186C5529}"
EndProject
Global
	GlobalSection(SolutionConfigurationPlatforms) = preSolution
		Debug|Any CPU = Debug|Any CPU
		Release|Any CPU = Release|Any CPU
	EndGlobalSection
	GlobalSection(ProjectConfigurationPlatforms) = postSolution
		{24903340-789D-4419-AC4B-C2C1F8000C54}.Debug|Any CPU.ActiveCfg = Debug|Any CPU
		{24903340-789D-4419-AC4B-C2C1F8000C54}.Debug|Any CPU.Build.0 = Debug|Any CPU
		{24903340-789D-4419-AC4B-C2C1F8000C54}.Release|Any CPU.ActiveCfg = Release|Any CPU
		{24903340-789D-4419-AC4B-C2C1F8000C54}.Release|Any CPU.Build.0 = Release|Any CPU
		{06344109-7314-4086-AD31-BFF125F211F5}.Debug|Any CPU.ActiveCfg = Debug|Any CPU
		{06344109-7314-4086-AD31-BFF125F211F5}.Debug|Any CPU.Build.0 = Debug|Any CPU
		{06344109-7314-4086-AD31-BFF125F211F5}.Release|Any CPU.ActiveCfg = Release|Any CPU
		{06344109-7314-4086-AD31-BFF125F211F5}.Release|Any CPU.Build.0 = Release|Any CPU
		{8F843609-9DAD-4BC4-9A6D-C2465E7DE235}.Debug|Any CPU.ActiveCfg = Debug|Any CPU
		{8F843609-9DAD-4BC4-9A6D-C2465E7DE235}.Debug|Any CPU.Build.0 = Debug|Any CPU
		{8F843609-9DAD-4BC4-9A6D-C2465E7DE235}.Release|Any CPU.ActiveCfg = Release|Any CPU
		{8F843609-9DAD-4BC4-9A6D-C2465E7DE235}.Release|Any CPU.Build.0 = Release|Any CPU
		{65484F8F-D542-4F87-99A9-23A6C50C35BF}.Debug|Any CPU.ActiveCfg = Debug|Any CPU
		{65484F8F-D542-4F87-99A9-23A6C50C35BF}.Debug|Any CPU.Build.0 = Debug|Any CPU
		{65484F8F-D542-4F87-99A9-23A6C50C35BF}.Release|Any CPU.ActiveCfg = Release|Any CPU
		{65484F8F-D542-4F87-99A9-23A6C50C35BF}.Release|Any CPU.Build.0 = Release|Any CPU
		{5EA0DBC2-329B-4075-BEE2-EF83186C5529}.Debug|Any CPU.ActiveCfg = Debug|Any CPU
		{5EA0DBC2-329B-4075-BEE2-EF83186C5529}.Debug|Any CPU.Build.0 = Debug|Any CPU
		{5EA0DBC2-329B-4075-BEE2-EF83186C5529}.Release|Any CPU.ActiveCfg = Release|Any CPU
		{5EA0DBC2-329B-4075-BEE2-EF83186C5529}.Release|Any CPU.Build.0 = Release|Any CPU
	EndGlobalSection
	GlobalSection(SolutionProperties) = preSolution
		HideSolutionNode = FALSE
	EndGlobalSection
	GlobalSection(NestedProjects) = preSolution
		{AF801D02-E322-400F-B5B2-30F729839672} = {DE2EF6E8-7619-4B10-9FA8-CB1C2A19AE3F}
	EndGlobalSection
EndGlobal
