
Microsoft Visual Studio Solution File, Format Version 12.00
# Visual Studio 14
VisualStudioVersion = 14.0.25123.0
MinimumVisualStudioVersion = 10.0.40219.1
Project("{F2A71F9B-5D33-465A-A702-920D77279786}") = "ShenLib", "ShenLib\ShenLib.fsproj", "{2B7B2315-42C4-49D8-974C-3DD751E3A5A6}"
EndProject
Project("{F2A71F9B-5D33-465A-A702-920D77279786}") = "ShenExe", "ShenExe\ShenExe.fsproj", "{E2930CDD-FC1A-4AD5-ACA3-48922F79C1D8}"
EndProject
Global
	GlobalSection(SolutionConfigurationPlatforms) = preSolution
		Debug|Any CPU = Debug|Any CPU
		Release|Any CPU = Release|Any CPU
	EndGlobalSection
	GlobalSection(ProjectConfigurationPlatforms) = postSolution
		{2B7B2315-42C4-49D8-974C-3DD751E3A5A6}.Debug|Any CPU.ActiveCfg = Debug|Any CPU
		{2B7B2315-42C4-49D8-974C-3DD751E3A5A6}.Debug|Any CPU.Build.0 = Debug|Any CPU
		{2B7B2315-42C4-49D8-974C-3DD751E3A5A6}.Release|Any CPU.ActiveCfg = Release|Any CPU
		{2B7B2315-42C4-49D8-974C-3DD751E3A5A6}.Release|Any CPU.Build.0 = Release|Any CPU
		{E2930CDD-FC1A-4AD5-ACA3-48922F79C1D8}.Debug|Any CPU.ActiveCfg = Debug|Any CPU
		{E2930CDD-FC1A-4AD5-ACA3-48922F79C1D8}.Debug|Any CPU.Build.0 = Debug|Any CPU
		{E2930CDD-FC1A-4AD5-ACA3-48922F79C1D8}.Release|Any CPU.ActiveCfg = Release|Any CPU
		{E2930CDD-FC1A-4AD5-ACA3-48922F79C1D8}.Release|Any CPU.Build.0 = Release|Any CPU
	EndGlobalSection
	GlobalSection(SolutionProperties) = preSolution
		HideSolutionNode = FALSE
	EndGlobalSection
EndGlobal
