
Microsoft Visual Studio Solution File, Format Version 12.00
# Visual Studio 14
VisualStudioVersion = 14.0.25420.1
MinimumVisualStudioVersion = 10.0.40219.1
Project("{F2A71F9B-5D33-465A-A702-920D77279786}") = "Kl", "Kl\Kl.fsproj", "{24903340-789D-4419-AC4B-C2C1F8000C54}"
EndProject
Project("{2150E333-8FDC-42A3-9474-1A3956D46DE8}") = "Solution Items", "Solution Items", "{4ED4DA60-F152-401A-ACFD-AC60CA8BC08C}"
	ProjectSection(SolutionItems) = preProject
		.gitignore = .gitignore
		.travis.yml = .travis.yml
		appveyor.yml = appveyor.yml
		CHANGELOG.md = CHANGELOG.md
		README.md = README.md
	EndProjectSection
EndProject
Project("{F2A71F9B-5D33-465A-A702-920D77279786}") = "Shen.Repl", "Shen.Repl\Shen.Repl.fsproj", "{06344109-7314-4086-AD31-BFF125F211F5}"
EndProject
Project("{F2A71F9B-5D33-465A-A702-920D77279786}") = "Shen.TestSuite", "Shen.TestSuite\Shen.TestSuite.fsproj", "{65484F8F-D542-4F87-99A9-23A6C50C35BF}"
EndProject
Project("{F2A71F9B-5D33-465A-A702-920D77279786}") = "Shen.Tests", "Shen.Tests\Shen.Tests.fsproj", "{102D7F9D-771F-4C75-A4AE-93321C0C0D81}"
EndProject
Project("{F2A71F9B-5D33-465A-A702-920D77279786}") = "Shen.Pack", "Shen.Pack\Shen.Pack.fsproj", "{58EF0FB7-4D7C-45FA-BCB3-2EFEBD23CE12}"
EndProject
Project("{F2A71F9B-5D33-465A-A702-920D77279786}") = "Shen.Api", "Shen.Api\Shen.Api.fsproj", "{1885A119-975D-43F6-8A8D-8200C89A943C}"
EndProject
Global
	GlobalSection(SolutionConfigurationPlatforms) = preSolution
		Debug|Any CPU = Debug|Any CPU
		Release|Any CPU = Release|Any CPU
	EndGlobalSection
	GlobalSection(ProjectConfigurationPlatforms) = postSolution
		{24903340-789D-4419-AC4B-C2C1F8000C54}.Debug|Any CPU.ActiveCfg = Debug|Any CPU
		{24903340-789D-4419-AC4B-C2C1F8000C54}.Debug|Any CPU.Build.0 = Debug|Any CPU
		{24903340-789D-4419-AC4B-C2C1F8000C54}.Release|Any CPU.ActiveCfg = Release|Any CPU
		{24903340-789D-4419-AC4B-C2C1F8000C54}.Release|Any CPU.Build.0 = Release|Any CPU
		{06344109-7314-4086-AD31-BFF125F211F5}.Debug|Any CPU.ActiveCfg = Debug|Any CPU
		{06344109-7314-4086-AD31-BFF125F211F5}.Debug|Any CPU.Build.0 = Debug|Any CPU
		{06344109-7314-4086-AD31-BFF125F211F5}.Release|Any CPU.ActiveCfg = Release|Any CPU
		{06344109-7314-4086-AD31-BFF125F211F5}.Release|Any CPU.Build.0 = Release|Any CPU
		{65484F8F-D542-4F87-99A9-23A6C50C35BF}.Debug|Any CPU.ActiveCfg = Debug|Any CPU
		{65484F8F-D542-4F87-99A9-23A6C50C35BF}.Debug|Any CPU.Build.0 = Debug|Any CPU
		{65484F8F-D542-4F87-99A9-23A6C50C35BF}.Release|Any CPU.ActiveCfg = Release|Any CPU
		{65484F8F-D542-4F87-99A9-23A6C50C35BF}.Release|Any CPU.Build.0 = Release|Any CPU
		{102D7F9D-771F-4C75-A4AE-93321C0C0D81}.Debug|Any CPU.ActiveCfg = Debug|Any CPU
		{102D7F9D-771F-4C75-A4AE-93321C0C0D81}.Debug|Any CPU.Build.0 = Debug|Any CPU
		{102D7F9D-771F-4C75-A4AE-93321C0C0D81}.Release|Any CPU.ActiveCfg = Release|Any CPU
		{102D7F9D-771F-4C75-A4AE-93321C0C0D81}.Release|Any CPU.Build.0 = Release|Any CPU
		{58EF0FB7-4D7C-45FA-BCB3-2EFEBD23CE12}.Debug|Any CPU.ActiveCfg = Debug|Any CPU
		{58EF0FB7-4D7C-45FA-BCB3-2EFEBD23CE12}.Debug|Any CPU.Build.0 = Debug|Any CPU
		{58EF0FB7-4D7C-45FA-BCB3-2EFEBD23CE12}.Release|Any CPU.ActiveCfg = Release|Any CPU
		{58EF0FB7-4D7C-45FA-BCB3-2EFEBD23CE12}.Release|Any CPU.Build.0 = Release|Any CPU
		{1885A119-975D-43F6-8A8D-8200C89A943C}.Debug|Any CPU.ActiveCfg = Debug|Any CPU
		{1885A119-975D-43F6-8A8D-8200C89A943C}.Debug|Any CPU.Build.0 = Debug|Any CPU
		{1885A119-975D-43F6-8A8D-8200C89A943C}.Release|Any CPU.ActiveCfg = Release|Any CPU
		{1885A119-975D-43F6-8A8D-8200C89A943C}.Release|Any CPU.Build.0 = Release|Any CPU
	EndGlobalSection
	GlobalSection(SolutionProperties) = preSolution
		HideSolutionNode = FALSE
	EndGlobalSection
EndGlobal
